
Microsoft Visual Studio Solution File, Format Version 12.00
# Visual Studio 14
VisualStudioVersion = 14.0.25420.1
MinimumVisualStudioVersion = 10.0.40219.1
Project("{FAE04EC0-301F-11D3-BF4B-00C04F79EFBC}") = "XamarinResourcesSample", "XamarinResourcesSample\XamarinResourcesSample\XamarinResourcesSample.csproj", "{3C14F70D-3D70-4DEE-89B4-6733EBE3E28A}"
EndProject
Project("{FAE04EC0-301F-11D3-BF4B-00C04F79EFBC}") = "XamarinResourcesSample.Droid", "XamarinResourcesSample\XamarinResourcesSample.Droid\XamarinResourcesSample.Droid.csproj", "{F2724488-8E5B-4738-B48A-3D17CE23E91B}"
EndProject
Project("{FAE04EC0-301F-11D3-BF4B-00C04F79EFBC}") = "XamarinResourcesSample.iOS", "XamarinResourcesSample\XamarinResourcesSample.iOS\XamarinResourcesSample.iOS.csproj", "{910BAC8C-639F-4C49-BC1F-BC1BEC6B7A9F}"
EndProject
Project("{FAE04EC0-301F-11D3-BF4B-00C04F79EFBC}") = "XamarinResourcesSample.WinPhone", "XamarinResourcesSample\XamarinResourcesSample.WinPhone\XamarinResourcesSample.WinPhone.csproj", "{DD759828-43FD-42EC-B31C-385505218D77}"
EndProject
Project("{FAE04EC0-301F-11D3-BF4B-00C04F79EFBC}") = "XamarinResourcesSample.UWP", "XamarinResourcesSample\XamarinResourcesSample.UWP\XamarinResourcesSample.UWP.csproj", "{55395150-9507-4730-89F0-B20BD9D5EA1A}"
EndProject
Project("{FAE04EC0-301F-11D3-BF4B-00C04F79EFBC}") = "XamarinResourcesSample.Windows", "XamarinResourcesSample\XamarinResourcesSample.Windows\XamarinResourcesSample.Windows.csproj", "{F5903128-98A8-4255-B75A-D7002A297B1D}"
EndProject
Global
	GlobalSection(SolutionConfigurationPlatforms) = preSolution
		Ad-Hoc|Any CPU = Ad-Hoc|Any CPU
		Ad-Hoc|ARM = Ad-Hoc|ARM
		Ad-Hoc|iPhone = Ad-Hoc|iPhone
		Ad-Hoc|iPhoneSimulator = Ad-Hoc|iPhoneSimulator
		Ad-Hoc|x64 = Ad-Hoc|x64
		Ad-Hoc|x86 = Ad-Hoc|x86
		AppStore|Any CPU = AppStore|Any CPU
		AppStore|ARM = AppStore|ARM
		AppStore|iPhone = AppStore|iPhone
		AppStore|iPhoneSimulator = AppStore|iPhoneSimulator
		AppStore|x64 = AppStore|x64
		AppStore|x86 = AppStore|x86
		Debug|Any CPU = Debug|Any CPU
		Debug|ARM = Debug|ARM
		Debug|iPhone = Debug|iPhone
		Debug|iPhoneSimulator = Debug|iPhoneSimulator
		Debug|x64 = Debug|x64
		Debug|x86 = Debug|x86
		Release|Any CPU = Release|Any CPU
		Release|ARM = Release|ARM
		Release|iPhone = Release|iPhone
		Release|iPhoneSimulator = Release|iPhoneSimulator
		Release|x64 = Release|x64
		Release|x86 = Release|x86
	EndGlobalSection
	GlobalSection(ProjectConfigurationPlatforms) = postSolution
		{3C14F70D-3D70-4DEE-89B4-6733EBE3E28A}.Ad-Hoc|Any CPU.ActiveCfg = Release|Any CPU
		{3C14F70D-3D70-4DEE-89B4-6733EBE3E28A}.Ad-Hoc|Any CPU.Build.0 = Release|Any CPU
		{3C14F70D-3D70-4DEE-89B4-6733EBE3E28A}.Ad-Hoc|ARM.ActiveCfg = Release|Any CPU
		{3C14F70D-3D70-4DEE-89B4-6733EBE3E28A}.Ad-Hoc|ARM.Build.0 = Release|Any CPU
		{3C14F70D-3D70-4DEE-89B4-6733EBE3E28A}.Ad-Hoc|iPhone.ActiveCfg = Release|Any CPU
		{3C14F70D-3D70-4DEE-89B4-6733EBE3E28A}.Ad-Hoc|iPhone.Build.0 = Release|Any CPU
		{3C14F70D-3D70-4DEE-89B4-6733EBE3E28A}.Ad-Hoc|iPhoneSimulator.ActiveCfg = Release|Any CPU
		{3C14F70D-3D70-4DEE-89B4-6733EBE3E28A}.Ad-Hoc|iPhoneSimulator.Build.0 = Release|Any CPU
		{3C14F70D-3D70-4DEE-89B4-6733EBE3E28A}.Ad-Hoc|x64.ActiveCfg = Release|Any CPU
		{3C14F70D-3D70-4DEE-89B4-6733EBE3E28A}.Ad-Hoc|x64.Build.0 = Release|Any CPU
		{3C14F70D-3D70-4DEE-89B4-6733EBE3E28A}.Ad-Hoc|x86.ActiveCfg = Release|Any CPU
		{3C14F70D-3D70-4DEE-89B4-6733EBE3E28A}.Ad-Hoc|x86.Build.0 = Release|Any CPU
		{3C14F70D-3D70-4DEE-89B4-6733EBE3E28A}.AppStore|Any CPU.ActiveCfg = Release|Any CPU
		{3C14F70D-3D70-4DEE-89B4-6733EBE3E28A}.AppStore|Any CPU.Build.0 = Release|Any CPU
		{3C14F70D-3D70-4DEE-89B4-6733EBE3E28A}.AppStore|ARM.ActiveCfg = Release|Any CPU
		{3C14F70D-3D70-4DEE-89B4-6733EBE3E28A}.AppStore|ARM.Build.0 = Release|Any CPU
		{3C14F70D-3D70-4DEE-89B4-6733EBE3E28A}.AppStore|iPhone.ActiveCfg = Release|Any CPU
		{3C14F70D-3D70-4DEE-89B4-6733EBE3E28A}.AppStore|iPhone.Build.0 = Release|Any CPU
		{3C14F70D-3D70-4DEE-89B4-6733EBE3E28A}.AppStore|iPhoneSimulator.ActiveCfg = Release|Any CPU
		{3C14F70D-3D70-4DEE-89B4-6733EBE3E28A}.AppStore|iPhoneSimulator.Build.0 = Release|Any CPU
		{3C14F70D-3D70-4DEE-89B4-6733EBE3E28A}.AppStore|x64.ActiveCfg = Release|Any CPU
		{3C14F70D-3D70-4DEE-89B4-6733EBE3E28A}.AppStore|x64.Build.0 = Release|Any CPU
		{3C14F70D-3D70-4DEE-89B4-6733EBE3E28A}.AppStore|x86.ActiveCfg = Release|Any CPU
		{3C14F70D-3D70-4DEE-89B4-6733EBE3E28A}.AppStore|x86.Build.0 = Release|Any CPU
		{3C14F70D-3D70-4DEE-89B4-6733EBE3E28A}.Debug|Any CPU.ActiveCfg = Debug|Any CPU
		{3C14F70D-3D70-4DEE-89B4-6733EBE3E28A}.Debug|Any CPU.Build.0 = Debug|Any CPU
		{3C14F70D-3D70-4DEE-89B4-6733EBE3E28A}.Debug|ARM.ActiveCfg = Debug|Any CPU
		{3C14F70D-3D70-4DEE-89B4-6733EBE3E28A}.Debug|ARM.Build.0 = Debug|Any CPU
		{3C14F70D-3D70-4DEE-89B4-6733EBE3E28A}.Debug|iPhone.ActiveCfg = Debug|Any CPU
		{3C14F70D-3D70-4DEE-89B4-6733EBE3E28A}.Debug|iPhone.Build.0 = Debug|Any CPU
		{3C14F70D-3D70-4DEE-89B4-6733EBE3E28A}.Debug|iPhoneSimulator.ActiveCfg = Debug|Any CPU
		{3C14F70D-3D70-4DEE-89B4-6733EBE3E28A}.Debug|iPhoneSimulator.Build.0 = Debug|Any CPU
		{3C14F70D-3D70-4DEE-89B4-6733EBE3E28A}.Debug|x64.ActiveCfg = Debug|Any CPU
		{3C14F70D-3D70-4DEE-89B4-6733EBE3E28A}.Debug|x64.Build.0 = Debug|Any CPU
		{3C14F70D-3D70-4DEE-89B4-6733EBE3E28A}.Debug|x86.ActiveCfg = Debug|Any CPU
		{3C14F70D-3D70-4DEE-89B4-6733EBE3E28A}.Debug|x86.Build.0 = Debug|Any CPU
		{3C14F70D-3D70-4DEE-89B4-6733EBE3E28A}.Release|Any CPU.ActiveCfg = Release|Any CPU
		{3C14F70D-3D70-4DEE-89B4-6733EBE3E28A}.Release|Any CPU.Build.0 = Release|Any CPU
		{3C14F70D-3D70-4DEE-89B4-6733EBE3E28A}.Release|ARM.ActiveCfg = Release|Any CPU
		{3C14F70D-3D70-4DEE-89B4-6733EBE3E28A}.Release|ARM.Build.0 = Release|Any CPU
		{3C14F70D-3D70-4DEE-89B4-6733EBE3E28A}.Release|iPhone.ActiveCfg = Release|Any CPU
		{3C14F70D-3D70-4DEE-89B4-6733EBE3E28A}.Release|iPhone.Build.0 = Release|Any CPU
		{3C14F70D-3D70-4DEE-89B4-6733EBE3E28A}.Release|iPhoneSimulator.ActiveCfg = Release|Any CPU
		{3C14F70D-3D70-4DEE-89B4-6733EBE3E28A}.Release|iPhoneSimulator.Build.0 = Release|Any CPU
		{3C14F70D-3D70-4DEE-89B4-6733EBE3E28A}.Release|x64.ActiveCfg = Release|Any CPU
		{3C14F70D-3D70-4DEE-89B4-6733EBE3E28A}.Release|x64.Build.0 = Release|Any CPU
		{3C14F70D-3D70-4DEE-89B4-6733EBE3E28A}.Release|x86.ActiveCfg = Release|Any CPU
		{3C14F70D-3D70-4DEE-89B4-6733EBE3E28A}.Release|x86.Build.0 = Release|Any CPU
		{F2724488-8E5B-4738-B48A-3D17CE23E91B}.Ad-Hoc|Any CPU.ActiveCfg = Release|Any CPU
		{F2724488-8E5B-4738-B48A-3D17CE23E91B}.Ad-Hoc|Any CPU.Build.0 = Release|Any CPU
		{F2724488-8E5B-4738-B48A-3D17CE23E91B}.Ad-Hoc|Any CPU.Deploy.0 = Release|Any CPU
		{F2724488-8E5B-4738-B48A-3D17CE23E91B}.Ad-Hoc|ARM.ActiveCfg = Release|Any CPU
		{F2724488-8E5B-4738-B48A-3D17CE23E91B}.Ad-Hoc|ARM.Build.0 = Release|Any CPU
		{F2724488-8E5B-4738-B48A-3D17CE23E91B}.Ad-Hoc|ARM.Deploy.0 = Release|Any CPU
		{F2724488-8E5B-4738-B48A-3D17CE23E91B}.Ad-Hoc|iPhone.ActiveCfg = Release|Any CPU
		{F2724488-8E5B-4738-B48A-3D17CE23E91B}.Ad-Hoc|iPhone.Build.0 = Release|Any CPU
		{F2724488-8E5B-4738-B48A-3D17CE23E91B}.Ad-Hoc|iPhone.Deploy.0 = Release|Any CPU
		{F2724488-8E5B-4738-B48A-3D17CE23E91B}.Ad-Hoc|iPhoneSimulator.ActiveCfg = Release|Any CPU
		{F2724488-8E5B-4738-B48A-3D17CE23E91B}.Ad-Hoc|iPhoneSimulator.Build.0 = Release|Any CPU
		{F2724488-8E5B-4738-B48A-3D17CE23E91B}.Ad-Hoc|iPhoneSimulator.Deploy.0 = Release|Any CPU
		{F2724488-8E5B-4738-B48A-3D17CE23E91B}.Ad-Hoc|x64.ActiveCfg = Release|Any CPU
		{F2724488-8E5B-4738-B48A-3D17CE23E91B}.Ad-Hoc|x64.Build.0 = Release|Any CPU
		{F2724488-8E5B-4738-B48A-3D17CE23E91B}.Ad-Hoc|x64.Deploy.0 = Release|Any CPU
		{F2724488-8E5B-4738-B48A-3D17CE23E91B}.Ad-Hoc|x86.ActiveCfg = Release|Any CPU
		{F2724488-8E5B-4738-B48A-3D17CE23E91B}.Ad-Hoc|x86.Build.0 = Release|Any CPU
		{F2724488-8E5B-4738-B48A-3D17CE23E91B}.Ad-Hoc|x86.Deploy.0 = Release|Any CPU
		{F2724488-8E5B-4738-B48A-3D17CE23E91B}.AppStore|Any CPU.ActiveCfg = Release|Any CPU
		{F2724488-8E5B-4738-B48A-3D17CE23E91B}.AppStore|Any CPU.Build.0 = Release|Any CPU
		{F2724488-8E5B-4738-B48A-3D17CE23E91B}.AppStore|Any CPU.Deploy.0 = Release|Any CPU
		{F2724488-8E5B-4738-B48A-3D17CE23E91B}.AppStore|ARM.ActiveCfg = Release|Any CPU
		{F2724488-8E5B-4738-B48A-3D17CE23E91B}.AppStore|ARM.Build.0 = Release|Any CPU
		{F2724488-8E5B-4738-B48A-3D17CE23E91B}.AppStore|ARM.Deploy.0 = Release|Any CPU
		{F2724488-8E5B-4738-B48A-3D17CE23E91B}.AppStore|iPhone.ActiveCfg = Release|Any CPU
		{F2724488-8E5B-4738-B48A-3D17CE23E91B}.AppStore|iPhone.Build.0 = Release|Any CPU
		{F2724488-8E5B-4738-B48A-3D17CE23E91B}.AppStore|iPhone.Deploy.0 = Release|Any CPU
		{F2724488-8E5B-4738-B48A-3D17CE23E91B}.AppStore|iPhoneSimulator.ActiveCfg = Release|Any CPU
		{F2724488-8E5B-4738-B48A-3D17CE23E91B}.AppStore|iPhoneSimulator.Build.0 = Release|Any CPU
		{F2724488-8E5B-4738-B48A-3D17CE23E91B}.AppStore|iPhoneSimulator.Deploy.0 = Release|Any CPU
		{F2724488-8E5B-4738-B48A-3D17CE23E91B}.AppStore|x64.ActiveCfg = Release|Any CPU
		{F2724488-8E5B-4738-B48A-3D17CE23E91B}.AppStore|x64.Build.0 = Release|Any CPU
		{F2724488-8E5B-4738-B48A-3D17CE23E91B}.AppStore|x64.Deploy.0 = Release|Any CPU
		{F2724488-8E5B-4738-B48A-3D17CE23E91B}.AppStore|x86.ActiveCfg = Release|Any CPU
		{F2724488-8E5B-4738-B48A-3D17CE23E91B}.AppStore|x86.Build.0 = Release|Any CPU
		{F2724488-8E5B-4738-B48A-3D17CE23E91B}.AppStore|x86.Deploy.0 = Release|Any CPU
		{F2724488-8E5B-4738-B48A-3D17CE23E91B}.Debug|Any CPU.ActiveCfg = Debug|Any CPU
		{F2724488-8E5B-4738-B48A-3D17CE23E91B}.Debug|Any CPU.Build.0 = Debug|Any CPU
		{F2724488-8E5B-4738-B48A-3D17CE23E91B}.Debug|Any CPU.Deploy.0 = Debug|Any CPU
		{F2724488-8E5B-4738-B48A-3D17CE23E91B}.Debug|ARM.ActiveCfg = Debug|Any CPU
		{F2724488-8E5B-4738-B48A-3D17CE23E91B}.Debug|ARM.Build.0 = Debug|Any CPU
		{F2724488-8E5B-4738-B48A-3D17CE23E91B}.Debug|ARM.Deploy.0 = Debug|Any CPU
		{F2724488-8E5B-4738-B48A-3D17CE23E91B}.Debug|iPhone.ActiveCfg = Debug|Any CPU
		{F2724488-8E5B-4738-B48A-3D17CE23E91B}.Debug|iPhone.Build.0 = Debug|Any CPU
		{F2724488-8E5B-4738-B48A-3D17CE23E91B}.Debug|iPhone.Deploy.0 = Debug|Any CPU
		{F2724488-8E5B-4738-B48A-3D17CE23E91B}.Debug|iPhoneSimulator.ActiveCfg = Debug|Any CPU
		{F2724488-8E5B-4738-B48A-3D17CE23E91B}.Debug|iPhoneSimulator.Build.0 = Debug|Any CPU
		{F2724488-8E5B-4738-B48A-3D17CE23E91B}.Debug|iPhoneSimulator.Deploy.0 = Debug|Any CPU
		{F2724488-8E5B-4738-B48A-3D17CE23E91B}.Debug|x64.ActiveCfg = Debug|Any CPU
		{F2724488-8E5B-4738-B48A-3D17CE23E91B}.Debug|x64.Build.0 = Debug|Any CPU
		{F2724488-8E5B-4738-B48A-3D17CE23E91B}.Debug|x64.Deploy.0 = Debug|Any CPU
		{F2724488-8E5B-4738-B48A-3D17CE23E91B}.Debug|x86.ActiveCfg = Debug|Any CPU
		{F2724488-8E5B-4738-B48A-3D17CE23E91B}.Debug|x86.Build.0 = Debug|Any CPU
		{F2724488-8E5B-4738-B48A-3D17CE23E91B}.Debug|x86.Deploy.0 = Debug|Any CPU
		{F2724488-8E5B-4738-B48A-3D17CE23E91B}.Release|Any CPU.ActiveCfg = Release|Any CPU
		{F2724488-8E5B-4738-B48A-3D17CE23E91B}.Release|Any CPU.Build.0 = Release|Any CPU
		{F2724488-8E5B-4738-B48A-3D17CE23E91B}.Release|Any CPU.Deploy.0 = Release|Any CPU
		{F2724488-8E5B-4738-B48A-3D17CE23E91B}.Release|ARM.ActiveCfg = Release|Any CPU
		{F2724488-8E5B-4738-B48A-3D17CE23E91B}.Release|ARM.Build.0 = Release|Any CPU
		{F2724488-8E5B-4738-B48A-3D17CE23E91B}.Release|ARM.Deploy.0 = Release|Any CPU
		{F2724488-8E5B-4738-B48A-3D17CE23E91B}.Release|iPhone.ActiveCfg = Release|Any CPU
		{F2724488-8E5B-4738-B48A-3D17CE23E91B}.Release|iPhone.Build.0 = Release|Any CPU
		{F2724488-8E5B-4738-B48A-3D17CE23E91B}.Release|iPhone.Deploy.0 = Release|Any CPU
		{F2724488-8E5B-4738-B48A-3D17CE23E91B}.Release|iPhoneSimulator.ActiveCfg = Release|Any CPU
		{F2724488-8E5B-4738-B48A-3D17CE23E91B}.Release|iPhoneSimulator.Build.0 = Release|Any CPU
		{F2724488-8E5B-4738-B48A-3D17CE23E91B}.Release|iPhoneSimulator.Deploy.0 = Release|Any CPU
		{F2724488-8E5B-4738-B48A-3D17CE23E91B}.Release|x64.ActiveCfg = Release|Any CPU
		{F2724488-8E5B-4738-B48A-3D17CE23E91B}.Release|x64.Build.0 = Release|Any CPU
		{F2724488-8E5B-4738-B48A-3D17CE23E91B}.Release|x64.Deploy.0 = Release|Any CPU
		{F2724488-8E5B-4738-B48A-3D17CE23E91B}.Release|x86.ActiveCfg = Release|Any CPU
		{F2724488-8E5B-4738-B48A-3D17CE23E91B}.Release|x86.Build.0 = Release|Any CPU
		{F2724488-8E5B-4738-B48A-3D17CE23E91B}.Release|x86.Deploy.0 = Release|Any CPU
		{910BAC8C-639F-4C49-BC1F-BC1BEC6B7A9F}.Ad-Hoc|Any CPU.ActiveCfg = Ad-Hoc|iPhone
		{910BAC8C-639F-4C49-BC1F-BC1BEC6B7A9F}.Ad-Hoc|ARM.ActiveCfg = Ad-Hoc|iPhone
		{910BAC8C-639F-4C49-BC1F-BC1BEC6B7A9F}.Ad-Hoc|iPhone.ActiveCfg = Ad-Hoc|iPhone
		{910BAC8C-639F-4C49-BC1F-BC1BEC6B7A9F}.Ad-Hoc|iPhone.Build.0 = Ad-Hoc|iPhone
		{910BAC8C-639F-4C49-BC1F-BC1BEC6B7A9F}.Ad-Hoc|iPhoneSimulator.ActiveCfg = Ad-Hoc|iPhoneSimulator
		{910BAC8C-639F-4C49-BC1F-BC1BEC6B7A9F}.Ad-Hoc|iPhoneSimulator.Build.0 = Ad-Hoc|iPhoneSimulator
		{910BAC8C-639F-4C49-BC1F-BC1BEC6B7A9F}.Ad-Hoc|x64.ActiveCfg = Ad-Hoc|iPhone
		{910BAC8C-639F-4C49-BC1F-BC1BEC6B7A9F}.Ad-Hoc|x86.ActiveCfg = Ad-Hoc|iPhone
		{910BAC8C-639F-4C49-BC1F-BC1BEC6B7A9F}.AppStore|Any CPU.ActiveCfg = AppStore|iPhone
		{910BAC8C-639F-4C49-BC1F-BC1BEC6B7A9F}.AppStore|ARM.ActiveCfg = AppStore|iPhone
		{910BAC8C-639F-4C49-BC1F-BC1BEC6B7A9F}.AppStore|iPhone.ActiveCfg = AppStore|iPhone
		{910BAC8C-639F-4C49-BC1F-BC1BEC6B7A9F}.AppStore|iPhone.Build.0 = AppStore|iPhone
		{910BAC8C-639F-4C49-BC1F-BC1BEC6B7A9F}.AppStore|iPhoneSimulator.ActiveCfg = AppStore|iPhoneSimulator
		{910BAC8C-639F-4C49-BC1F-BC1BEC6B7A9F}.AppStore|iPhoneSimulator.Build.0 = AppStore|iPhoneSimulator
		{910BAC8C-639F-4C49-BC1F-BC1BEC6B7A9F}.AppStore|x64.ActiveCfg = AppStore|iPhone
		{910BAC8C-639F-4C49-BC1F-BC1BEC6B7A9F}.AppStore|x86.ActiveCfg = AppStore|iPhone
		{910BAC8C-639F-4C49-BC1F-BC1BEC6B7A9F}.Debug|Any CPU.ActiveCfg = Debug|iPhone
		{910BAC8C-639F-4C49-BC1F-BC1BEC6B7A9F}.Debug|ARM.ActiveCfg = Debug|iPhone
		{910BAC8C-639F-4C49-BC1F-BC1BEC6B7A9F}.Debug|iPhone.ActiveCfg = Debug|iPhone
		{910BAC8C-639F-4C49-BC1F-BC1BEC6B7A9F}.Debug|iPhone.Build.0 = Debug|iPhone
		{910BAC8C-639F-4C49-BC1F-BC1BEC6B7A9F}.Debug|iPhoneSimulator.ActiveCfg = Debug|iPhoneSimulator
		{910BAC8C-639F-4C49-BC1F-BC1BEC6B7A9F}.Debug|iPhoneSimulator.Build.0 = Debug|iPhoneSimulator
		{910BAC8C-639F-4C49-BC1F-BC1BEC6B7A9F}.Debug|x64.ActiveCfg = Debug|iPhone
		{910BAC8C-639F-4C49-BC1F-BC1BEC6B7A9F}.Debug|x86.ActiveCfg = Debug|iPhone
		{910BAC8C-639F-4C49-BC1F-BC1BEC6B7A9F}.Release|Any CPU.ActiveCfg = Release|iPhone
		{910BAC8C-639F-4C49-BC1F-BC1BEC6B7A9F}.Release|ARM.ActiveCfg = Release|iPhone
		{910BAC8C-639F-4C49-BC1F-BC1BEC6B7A9F}.Release|iPhone.ActiveCfg = Release|iPhone
		{910BAC8C-639F-4C49-BC1F-BC1BEC6B7A9F}.Release|iPhone.Build.0 = Release|iPhone
		{910BAC8C-639F-4C49-BC1F-BC1BEC6B7A9F}.Release|iPhoneSimulator.ActiveCfg = Release|iPhoneSimulator
		{910BAC8C-639F-4C49-BC1F-BC1BEC6B7A9F}.Release|iPhoneSimulator.Build.0 = Release|iPhoneSimulator
		{910BAC8C-639F-4C49-BC1F-BC1BEC6B7A9F}.Release|x64.ActiveCfg = Release|iPhone
		{910BAC8C-639F-4C49-BC1F-BC1BEC6B7A9F}.Release|x86.ActiveCfg = Release|iPhone
		{DD759828-43FD-42EC-B31C-385505218D77}.Ad-Hoc|Any CPU.ActiveCfg = Release|Any CPU
		{DD759828-43FD-42EC-B31C-385505218D77}.Ad-Hoc|Any CPU.Build.0 = Release|Any CPU
		{DD759828-43FD-42EC-B31C-385505218D77}.Ad-Hoc|Any CPU.Deploy.0 = Release|Any CPU
		{DD759828-43FD-42EC-B31C-385505218D77}.Ad-Hoc|ARM.ActiveCfg = Release|ARM
		{DD759828-43FD-42EC-B31C-385505218D77}.Ad-Hoc|ARM.Build.0 = Release|ARM
		{DD759828-43FD-42EC-B31C-385505218D77}.Ad-Hoc|ARM.Deploy.0 = Release|ARM
		{DD759828-43FD-42EC-B31C-385505218D77}.Ad-Hoc|iPhone.ActiveCfg = Release|Any CPU
		{DD759828-43FD-42EC-B31C-385505218D77}.Ad-Hoc|iPhone.Build.0 = Release|Any CPU
		{DD759828-43FD-42EC-B31C-385505218D77}.Ad-Hoc|iPhone.Deploy.0 = Release|Any CPU
		{DD759828-43FD-42EC-B31C-385505218D77}.Ad-Hoc|iPhoneSimulator.ActiveCfg = Release|Any CPU
		{DD759828-43FD-42EC-B31C-385505218D77}.Ad-Hoc|iPhoneSimulator.Build.0 = Release|Any CPU
		{DD759828-43FD-42EC-B31C-385505218D77}.Ad-Hoc|iPhoneSimulator.Deploy.0 = Release|Any CPU
		{DD759828-43FD-42EC-B31C-385505218D77}.Ad-Hoc|x64.ActiveCfg = Release|Any CPU
		{DD759828-43FD-42EC-B31C-385505218D77}.Ad-Hoc|x64.Build.0 = Release|Any CPU
		{DD759828-43FD-42EC-B31C-385505218D77}.Ad-Hoc|x64.Deploy.0 = Release|Any CPU
		{DD759828-43FD-42EC-B31C-385505218D77}.Ad-Hoc|x86.ActiveCfg = Release|x86
		{DD759828-43FD-42EC-B31C-385505218D77}.Ad-Hoc|x86.Build.0 = Release|x86
		{DD759828-43FD-42EC-B31C-385505218D77}.Ad-Hoc|x86.Deploy.0 = Release|x86
		{DD759828-43FD-42EC-B31C-385505218D77}.AppStore|Any CPU.ActiveCfg = Release|Any CPU
		{DD759828-43FD-42EC-B31C-385505218D77}.AppStore|Any CPU.Build.0 = Release|Any CPU
		{DD759828-43FD-42EC-B31C-385505218D77}.AppStore|Any CPU.Deploy.0 = Release|Any CPU
		{DD759828-43FD-42EC-B31C-385505218D77}.AppStore|ARM.ActiveCfg = Release|ARM
		{DD759828-43FD-42EC-B31C-385505218D77}.AppStore|ARM.Build.0 = Release|ARM
		{DD759828-43FD-42EC-B31C-385505218D77}.AppStore|ARM.Deploy.0 = Release|ARM
		{DD759828-43FD-42EC-B31C-385505218D77}.AppStore|iPhone.ActiveCfg = Release|Any CPU
		{DD759828-43FD-42EC-B31C-385505218D77}.AppStore|iPhone.Build.0 = Release|Any CPU
		{DD759828-43FD-42EC-B31C-385505218D77}.AppStore|iPhone.Deploy.0 = Release|Any CPU
		{DD759828-43FD-42EC-B31C-385505218D77}.AppStore|iPhoneSimulator.ActiveCfg = Release|Any CPU
		{DD759828-43FD-42EC-B31C-385505218D77}.AppStore|iPhoneSimulator.Build.0 = Release|Any CPU
		{DD759828-43FD-42EC-B31C-385505218D77}.AppStore|iPhoneSimulator.Deploy.0 = Release|Any CPU
		{DD759828-43FD-42EC-B31C-385505218D77}.AppStore|x64.ActiveCfg = Release|Any CPU
		{DD759828-43FD-42EC-B31C-385505218D77}.AppStore|x64.Build.0 = Release|Any CPU
		{DD759828-43FD-42EC-B31C-385505218D77}.AppStore|x64.Deploy.0 = Release|Any CPU
		{DD759828-43FD-42EC-B31C-385505218D77}.AppStore|x86.ActiveCfg = Release|x86
		{DD759828-43FD-42EC-B31C-385505218D77}.AppStore|x86.Build.0 = Release|x86
		{DD759828-43FD-42EC-B31C-385505218D77}.AppStore|x86.Deploy.0 = Release|x86
		{DD759828-43FD-42EC-B31C-385505218D77}.Debug|Any CPU.ActiveCfg = Debug|Any CPU
		{DD759828-43FD-42EC-B31C-385505218D77}.Debug|Any CPU.Build.0 = Debug|Any CPU
		{DD759828-43FD-42EC-B31C-385505218D77}.Debug|Any CPU.Deploy.0 = Debug|Any CPU
		{DD759828-43FD-42EC-B31C-385505218D77}.Debug|ARM.ActiveCfg = Debug|ARM
		{DD759828-43FD-42EC-B31C-385505218D77}.Debug|ARM.Build.0 = Debug|ARM
		{DD759828-43FD-42EC-B31C-385505218D77}.Debug|ARM.Deploy.0 = Debug|ARM
		{DD759828-43FD-42EC-B31C-385505218D77}.Debug|iPhone.ActiveCfg = Debug|Any CPU
		{DD759828-43FD-42EC-B31C-385505218D77}.Debug|iPhone.Build.0 = Debug|Any CPU
		{DD759828-43FD-42EC-B31C-385505218D77}.Debug|iPhone.Deploy.0 = Debug|Any CPU
		{DD759828-43FD-42EC-B31C-385505218D77}.Debug|iPhoneSimulator.ActiveCfg = Debug|Any CPU
		{DD759828-43FD-42EC-B31C-385505218D77}.Debug|iPhoneSimulator.Build.0 = Debug|Any CPU
		{DD759828-43FD-42EC-B31C-385505218D77}.Debug|iPhoneSimulator.Deploy.0 = Debug|Any CPU
		{DD759828-43FD-42EC-B31C-385505218D77}.Debug|x64.ActiveCfg = Debug|Any CPU
		{DD759828-43FD-42EC-B31C-385505218D77}.Debug|x64.Build.0 = Debug|Any CPU
		{DD759828-43FD-42EC-B31C-385505218D77}.Debug|x64.Deploy.0 = Debug|Any CPU
		{DD759828-43FD-42EC-B31C-385505218D77}.Debug|x86.ActiveCfg = Debug|x86
		{DD759828-43FD-42EC-B31C-385505218D77}.Debug|x86.Build.0 = Debug|x86
		{DD759828-43FD-42EC-B31C-385505218D77}.Debug|x86.Deploy.0 = Debug|x86
		{DD759828-43FD-42EC-B31C-385505218D77}.Release|Any CPU.ActiveCfg = Release|Any CPU
		{DD759828-43FD-42EC-B31C-385505218D77}.Release|Any CPU.Build.0 = Release|Any CPU
		{DD759828-43FD-42EC-B31C-385505218D77}.Release|Any CPU.Deploy.0 = Release|Any CPU
		{DD759828-43FD-42EC-B31C-385505218D77}.Release|ARM.ActiveCfg = Release|ARM
		{DD759828-43FD-42EC-B31C-385505218D77}.Release|ARM.Build.0 = Release|ARM
		{DD759828-43FD-42EC-B31C-385505218D77}.Release|ARM.Deploy.0 = Release|ARM
		{DD759828-43FD-42EC-B31C-385505218D77}.Release|iPhone.ActiveCfg = Release|Any CPU
		{DD759828-43FD-42EC-B31C-385505218D77}.Release|iPhone.Build.0 = Release|Any CPU
		{DD759828-43FD-42EC-B31C-385505218D77}.Release|iPhone.Deploy.0 = Release|Any CPU
		{DD759828-43FD-42EC-B31C-385505218D77}.Release|iPhoneSimulator.ActiveCfg = Release|Any CPU
		{DD759828-43FD-42EC-B31C-385505218D77}.Release|iPhoneSimulator.Build.0 = Release|Any CPU
		{DD759828-43FD-42EC-B31C-385505218D77}.Release|iPhoneSimulator.Deploy.0 = Release|Any CPU
		{DD759828-43FD-42EC-B31C-385505218D77}.Release|x64.ActiveCfg = Release|Any CPU
		{DD759828-43FD-42EC-B31C-385505218D77}.Release|x64.Build.0 = Release|Any CPU
		{DD759828-43FD-42EC-B31C-385505218D77}.Release|x64.Deploy.0 = Release|Any CPU
		{DD759828-43FD-42EC-B31C-385505218D77}.Release|x86.ActiveCfg = Release|x86
		{DD759828-43FD-42EC-B31C-385505218D77}.Release|x86.Build.0 = Release|x86
		{DD759828-43FD-42EC-B31C-385505218D77}.Release|x86.Deploy.0 = Release|x86
		{55395150-9507-4730-89F0-B20BD9D5EA1A}.Ad-Hoc|Any CPU.ActiveCfg = Release|x86
		{55395150-9507-4730-89F0-B20BD9D5EA1A}.Ad-Hoc|Any CPU.Build.0 = Release|x86
		{55395150-9507-4730-89F0-B20BD9D5EA1A}.Ad-Hoc|Any CPU.Deploy.0 = Release|x86
		{55395150-9507-4730-89F0-B20BD9D5EA1A}.Ad-Hoc|ARM.ActiveCfg = Release|ARM
		{55395150-9507-4730-89F0-B20BD9D5EA1A}.Ad-Hoc|ARM.Build.0 = Release|ARM
		{55395150-9507-4730-89F0-B20BD9D5EA1A}.Ad-Hoc|ARM.Deploy.0 = Release|ARM
		{55395150-9507-4730-89F0-B20BD9D5EA1A}.Ad-Hoc|iPhone.ActiveCfg = Release|x86
		{55395150-9507-4730-89F0-B20BD9D5EA1A}.Ad-Hoc|iPhone.Build.0 = Release|x86
		{55395150-9507-4730-89F0-B20BD9D5EA1A}.Ad-Hoc|iPhone.Deploy.0 = Release|x86
		{55395150-9507-4730-89F0-B20BD9D5EA1A}.Ad-Hoc|iPhoneSimulator.ActiveCfg = Release|x86
		{55395150-9507-4730-89F0-B20BD9D5EA1A}.Ad-Hoc|iPhoneSimulator.Build.0 = Release|x86
		{55395150-9507-4730-89F0-B20BD9D5EA1A}.Ad-Hoc|iPhoneSimulator.Deploy.0 = Release|x86
		{55395150-9507-4730-89F0-B20BD9D5EA1A}.Ad-Hoc|x64.ActiveCfg = Release|x64
		{55395150-9507-4730-89F0-B20BD9D5EA1A}.Ad-Hoc|x64.Build.0 = Release|x64
		{55395150-9507-4730-89F0-B20BD9D5EA1A}.Ad-Hoc|x64.Deploy.0 = Release|x64
		{55395150-9507-4730-89F0-B20BD9D5EA1A}.Ad-Hoc|x86.ActiveCfg = Release|x86
		{55395150-9507-4730-89F0-B20BD9D5EA1A}.Ad-Hoc|x86.Build.0 = Release|x86
		{55395150-9507-4730-89F0-B20BD9D5EA1A}.Ad-Hoc|x86.Deploy.0 = Release|x86
		{55395150-9507-4730-89F0-B20BD9D5EA1A}.AppStore|Any CPU.ActiveCfg = Release|x86
		{55395150-9507-4730-89F0-B20BD9D5EA1A}.AppStore|Any CPU.Build.0 = Release|x86
		{55395150-9507-4730-89F0-B20BD9D5EA1A}.AppStore|Any CPU.Deploy.0 = Release|x86
		{55395150-9507-4730-89F0-B20BD9D5EA1A}.AppStore|ARM.ActiveCfg = Release|ARM
		{55395150-9507-4730-89F0-B20BD9D5EA1A}.AppStore|ARM.Build.0 = Release|ARM
		{55395150-9507-4730-89F0-B20BD9D5EA1A}.AppStore|ARM.Deploy.0 = Release|ARM
		{55395150-9507-4730-89F0-B20BD9D5EA1A}.AppStore|iPhone.ActiveCfg = Release|x86
		{55395150-9507-4730-89F0-B20BD9D5EA1A}.AppStore|iPhone.Build.0 = Release|x86
		{55395150-9507-4730-89F0-B20BD9D5EA1A}.AppStore|iPhone.Deploy.0 = Release|x86
		{55395150-9507-4730-89F0-B20BD9D5EA1A}.AppStore|iPhoneSimulator.ActiveCfg = Release|x86
		{55395150-9507-4730-89F0-B20BD9D5EA1A}.AppStore|iPhoneSimulator.Build.0 = Release|x86
		{55395150-9507-4730-89F0-B20BD9D5EA1A}.AppStore|iPhoneSimulator.Deploy.0 = Release|x86
		{55395150-9507-4730-89F0-B20BD9D5EA1A}.AppStore|x64.ActiveCfg = Release|x64
		{55395150-9507-4730-89F0-B20BD9D5EA1A}.AppStore|x64.Build.0 = Release|x64
		{55395150-9507-4730-89F0-B20BD9D5EA1A}.AppStore|x64.Deploy.0 = Release|x64
		{55395150-9507-4730-89F0-B20BD9D5EA1A}.AppStore|x86.ActiveCfg = Release|x86
		{55395150-9507-4730-89F0-B20BD9D5EA1A}.AppStore|x86.Build.0 = Release|x86
		{55395150-9507-4730-89F0-B20BD9D5EA1A}.AppStore|x86.Deploy.0 = Release|x86
		{55395150-9507-4730-89F0-B20BD9D5EA1A}.Debug|Any CPU.ActiveCfg = Debug|x86
		{55395150-9507-4730-89F0-B20BD9D5EA1A}.Debug|ARM.ActiveCfg = Debug|ARM
		{55395150-9507-4730-89F0-B20BD9D5EA1A}.Debug|ARM.Build.0 = Debug|ARM
		{55395150-9507-4730-89F0-B20BD9D5EA1A}.Debug|ARM.Deploy.0 = Debug|ARM
		{55395150-9507-4730-89F0-B20BD9D5EA1A}.Debug|iPhone.ActiveCfg = Debug|x86
		{55395150-9507-4730-89F0-B20BD9D5EA1A}.Debug|iPhoneSimulator.ActiveCfg = Debug|x86
		{55395150-9507-4730-89F0-B20BD9D5EA1A}.Debug|x64.ActiveCfg = Debug|x64
		{55395150-9507-4730-89F0-B20BD9D5EA1A}.Debug|x64.Build.0 = Debug|x64
		{55395150-9507-4730-89F0-B20BD9D5EA1A}.Debug|x64.Deploy.0 = Debug|x64
		{55395150-9507-4730-89F0-B20BD9D5EA1A}.Debug|x86.ActiveCfg = Debug|x86
		{55395150-9507-4730-89F0-B20BD9D5EA1A}.Debug|x86.Build.0 = Debug|x86
		{55395150-9507-4730-89F0-B20BD9D5EA1A}.Debug|x86.Deploy.0 = Debug|x86
		{55395150-9507-4730-89F0-B20BD9D5EA1A}.Release|Any CPU.ActiveCfg = Release|x86
		{55395150-9507-4730-89F0-B20BD9D5EA1A}.Release|ARM.ActiveCfg = Release|ARM
		{55395150-9507-4730-89F0-B20BD9D5EA1A}.Release|ARM.Build.0 = Release|ARM
		{55395150-9507-4730-89F0-B20BD9D5EA1A}.Release|ARM.Deploy.0 = Release|ARM
		{55395150-9507-4730-89F0-B20BD9D5EA1A}.Release|iPhone.ActiveCfg = Release|x86
		{55395150-9507-4730-89F0-B20BD9D5EA1A}.Release|iPhoneSimulator.ActiveCfg = Release|x86
		{55395150-9507-4730-89F0-B20BD9D5EA1A}.Release|x64.ActiveCfg = Release|x64
		{55395150-9507-4730-89F0-B20BD9D5EA1A}.Release|x64.Build.0 = Release|x64
		{55395150-9507-4730-89F0-B20BD9D5EA1A}.Release|x64.Deploy.0 = Release|x64
		{55395150-9507-4730-89F0-B20BD9D5EA1A}.Release|x86.ActiveCfg = Release|x86
		{55395150-9507-4730-89F0-B20BD9D5EA1A}.Release|x86.Build.0 = Release|x86
		{55395150-9507-4730-89F0-B20BD9D5EA1A}.Release|x86.Deploy.0 = Release|x86
		{F5903128-98A8-4255-B75A-D7002A297B1D}.Ad-Hoc|Any CPU.ActiveCfg = Release|Any CPU
		{F5903128-98A8-4255-B75A-D7002A297B1D}.Ad-Hoc|Any CPU.Build.0 = Release|Any CPU
		{F5903128-98A8-4255-B75A-D7002A297B1D}.Ad-Hoc|Any CPU.Deploy.0 = Release|Any CPU
		{F5903128-98A8-4255-B75A-D7002A297B1D}.Ad-Hoc|ARM.ActiveCfg = Release|ARM
		{F5903128-98A8-4255-B75A-D7002A297B1D}.Ad-Hoc|ARM.Build.0 = Release|ARM
		{F5903128-98A8-4255-B75A-D7002A297B1D}.Ad-Hoc|ARM.Deploy.0 = Release|ARM
		{F5903128-98A8-4255-B75A-D7002A297B1D}.Ad-Hoc|iPhone.ActiveCfg = Release|Any CPU
		{F5903128-98A8-4255-B75A-D7002A297B1D}.Ad-Hoc|iPhone.Build.0 = Release|Any CPU
		{F5903128-98A8-4255-B75A-D7002A297B1D}.Ad-Hoc|iPhone.Deploy.0 = Release|Any CPU
		{F5903128-98A8-4255-B75A-D7002A297B1D}.Ad-Hoc|iPhoneSimulator.ActiveCfg = Release|Any CPU
		{F5903128-98A8-4255-B75A-D7002A297B1D}.Ad-Hoc|iPhoneSimulator.Build.0 = Release|Any CPU
		{F5903128-98A8-4255-B75A-D7002A297B1D}.Ad-Hoc|iPhoneSimulator.Deploy.0 = Release|Any CPU
		{F5903128-98A8-4255-B75A-D7002A297B1D}.Ad-Hoc|x64.ActiveCfg = Release|x64
		{F5903128-98A8-4255-B75A-D7002A297B1D}.Ad-Hoc|x64.Build.0 = Release|x64
		{F5903128-98A8-4255-B75A-D7002A297B1D}.Ad-Hoc|x64.Deploy.0 = Release|x64
		{F5903128-98A8-4255-B75A-D7002A297B1D}.Ad-Hoc|x86.ActiveCfg = Release|x86
		{F5903128-98A8-4255-B75A-D7002A297B1D}.Ad-Hoc|x86.Build.0 = Release|x86
		{F5903128-98A8-4255-B75A-D7002A297B1D}.Ad-Hoc|x86.Deploy.0 = Release|x86
		{F5903128-98A8-4255-B75A-D7002A297B1D}.AppStore|Any CPU.ActiveCfg = Release|Any CPU
		{F5903128-98A8-4255-B75A-D7002A297B1D}.AppStore|Any CPU.Build.0 = Release|Any CPU
		{F5903128-98A8-4255-B75A-D7002A297B1D}.AppStore|Any CPU.Deploy.0 = Release|Any CPU
		{F5903128-98A8-4255-B75A-D7002A297B1D}.AppStore|ARM.ActiveCfg = Release|ARM
		{F5903128-98A8-4255-B75A-D7002A297B1D}.AppStore|ARM.Build.0 = Release|ARM
		{F5903128-98A8-4255-B75A-D7002A297B1D}.AppStore|ARM.Deploy.0 = Release|ARM
		{F5903128-98A8-4255-B75A-D7002A297B1D}.AppStore|iPhone.ActiveCfg = Release|Any CPU
		{F5903128-98A8-4255-B75A-D7002A297B1D}.AppStore|iPhone.Build.0 = Release|Any CPU
		{F5903128-98A8-4255-B75A-D7002A297B1D}.AppStore|iPhone.Deploy.0 = Release|Any CPU
		{F5903128-98A8-4255-B75A-D7002A297B1D}.AppStore|iPhoneSimulator.ActiveCfg = Release|Any CPU
		{F5903128-98A8-4255-B75A-D7002A297B1D}.AppStore|iPhoneSimulator.Build.0 = Release|Any CPU
		{F5903128-98A8-4255-B75A-D7002A297B1D}.AppStore|iPhoneSimulator.Deploy.0 = Release|Any CPU
		{F5903128-98A8-4255-B75A-D7002A297B1D}.AppStore|x64.ActiveCfg = Release|x64
		{F5903128-98A8-4255-B75A-D7002A297B1D}.AppStore|x64.Build.0 = Release|x64
		{F5903128-98A8-4255-B75A-D7002A297B1D}.AppStore|x64.Deploy.0 = Release|x64
		{F5903128-98A8-4255-B75A-D7002A297B1D}.AppStore|x86.ActiveCfg = Release|x86
		{F5903128-98A8-4255-B75A-D7002A297B1D}.AppStore|x86.Build.0 = Release|x86
		{F5903128-98A8-4255-B75A-D7002A297B1D}.AppStore|x86.Deploy.0 = Release|x86
		{F5903128-98A8-4255-B75A-D7002A297B1D}.Debug|Any CPU.ActiveCfg = Debug|Any CPU
		{F5903128-98A8-4255-B75A-D7002A297B1D}.Debug|Any CPU.Build.0 = Debug|Any CPU
		{F5903128-98A8-4255-B75A-D7002A297B1D}.Debug|Any CPU.Deploy.0 = Debug|Any CPU
		{F5903128-98A8-4255-B75A-D7002A297B1D}.Debug|ARM.ActiveCfg = Debug|ARM
		{F5903128-98A8-4255-B75A-D7002A297B1D}.Debug|ARM.Build.0 = Debug|ARM
		{F5903128-98A8-4255-B75A-D7002A297B1D}.Debug|ARM.Deploy.0 = Debug|ARM
		{F5903128-98A8-4255-B75A-D7002A297B1D}.Debug|iPhone.ActiveCfg = Debug|Any CPU
		{F5903128-98A8-4255-B75A-D7002A297B1D}.Debug|iPhone.Build.0 = Debug|Any CPU
		{F5903128-98A8-4255-B75A-D7002A297B1D}.Debug|iPhone.Deploy.0 = Debug|Any CPU
		{F5903128-98A8-4255-B75A-D7002A297B1D}.Debug|iPhoneSimulator.ActiveCfg = Debug|Any CPU
		{F5903128-98A8-4255-B75A-D7002A297B1D}.Debug|iPhoneSimulator.Build.0 = Debug|Any CPU
		{F5903128-98A8-4255-B75A-D7002A297B1D}.Debug|iPhoneSimulator.Deploy.0 = Debug|Any CPU
		{F5903128-98A8-4255-B75A-D7002A297B1D}.Debug|x64.ActiveCfg = Debug|x64
		{F5903128-98A8-4255-B75A-D7002A297B1D}.Debug|x64.Build.0 = Debug|x64
		{F5903128-98A8-4255-B75A-D7002A297B1D}.Debug|x64.Deploy.0 = Debug|x64
		{F5903128-98A8-4255-B75A-D7002A297B1D}.Debug|x86.ActiveCfg = Debug|x86
		{F5903128-98A8-4255-B75A-D7002A297B1D}.Debug|x86.Build.0 = Debug|x86
		{F5903128-98A8-4255-B75A-D7002A297B1D}.Debug|x86.Deploy.0 = Debug|x86
		{F5903128-98A8-4255-B75A-D7002A297B1D}.Release|Any CPU.ActiveCfg = Release|Any CPU
		{F5903128-98A8-4255-B75A-D7002A297B1D}.Release|Any CPU.Build.0 = Release|Any CPU
		{F5903128-98A8-4255-B75A-D7002A297B1D}.Release|Any CPU.Deploy.0 = Release|Any CPU
		{F5903128-98A8-4255-B75A-D7002A297B1D}.Release|ARM.ActiveCfg = Release|ARM
		{F5903128-98A8-4255-B75A-D7002A297B1D}.Release|ARM.Build.0 = Release|ARM
		{F5903128-98A8-4255-B75A-D7002A297B1D}.Release|ARM.Deploy.0 = Release|ARM
		{F5903128-98A8-4255-B75A-D7002A297B1D}.Release|iPhone.ActiveCfg = Release|Any CPU
		{F5903128-98A8-4255-B75A-D7002A297B1D}.Release|iPhone.Build.0 = Release|Any CPU
		{F5903128-98A8-4255-B75A-D7002A297B1D}.Release|iPhone.Deploy.0 = Release|Any CPU
		{F5903128-98A8-4255-B75A-D7002A297B1D}.Release|iPhoneSimulator.ActiveCfg = Release|Any CPU
		{F5903128-98A8-4255-B75A-D7002A297B1D}.Release|iPhoneSimulator.Build.0 = Release|Any CPU
		{F5903128-98A8-4255-B75A-D7002A297B1D}.Release|iPhoneSimulator.Deploy.0 = Release|Any CPU
		{F5903128-98A8-4255-B75A-D7002A297B1D}.Release|x64.ActiveCfg = Release|x64
		{F5903128-98A8-4255-B75A-D7002A297B1D}.Release|x64.Build.0 = Release|x64
		{F5903128-98A8-4255-B75A-D7002A297B1D}.Release|x64.Deploy.0 = Release|x64
		{F5903128-98A8-4255-B75A-D7002A297B1D}.Release|x86.ActiveCfg = Release|x86
		{F5903128-98A8-4255-B75A-D7002A297B1D}.Release|x86.Build.0 = Release|x86
		{F5903128-98A8-4255-B75A-D7002A297B1D}.Release|x86.Deploy.0 = Release|x86
	EndGlobalSection
	GlobalSection(SolutionProperties) = preSolution
		HideSolutionNode = FALSE
	EndGlobalSection
EndGlobal
